
Microsoft Visual Studio Solution File, Format Version 12.00
# Visual Studio 15
VisualStudioVersion = 15.0.28307.168
MinimumVisualStudioVersion = 10.0.40219.1
Project("{FAE04EC0-301F-11D3-BF4B-00C04F79EFBC}") = "CjcuUniversity", "CjcuUniversity\CjcuUniversity.csproj", "{5A26B344-F0EE-474A-BFEC-01D0824E0AF1}"
EndProject
Global
	GlobalSection(SolutionConfigurationPlatforms) = preSolution
		Debug|Any CPU = Debug|Any CPU
		Release|Any CPU = Release|Any CPU
	EndGlobalSection
	GlobalSection(ProjectConfigurationPlatforms) = postSolution
		{5A26B344-F0EE-474A-BFEC-01D0824E0AF1}.Debug|Any CPU.ActiveCfg = Debug|Any CPU
		{5A26B344-F0EE-474A-BFEC-01D0824E0AF1}.Debug|Any CPU.Build.0 = Debug|Any CPU
		{5A26B344-F0EE-474A-BFEC-01D0824E0AF1}.Release|Any CPU.ActiveCfg = Release|Any CPU
		{5A26B344-F0EE-474A-BFEC-01D0824E0AF1}.Release|Any CPU.Build.0 = Release|Any CPU
	EndGlobalSection
	GlobalSection(SolutionProperties) = preSolution
		HideSolutionNode = FALSE
	EndGlobalSection
	GlobalSection(ExtensibilityGlobals) = postSolution
		SolutionGuid = {652BFD37-BA50-48B7-83BF-25E5B96B5329}
	EndGlobalSection
EndGlobal
